// !$*UTF8*$!
{
	archiveVersion = 1;
	classes = {
	};
	objectVersion = 56;
	objects = {

/* Begin PBXBuildFile section */
		745650842CDB0A300037A01C /* cb_liteApp.swift in Sources */ = {isa = PBXBuildFile; fileRef = 745650832CDB0A300037A01C /* cb_liteApp.swift */; };
		745650862CDB0A300037A01C /* ContentView.swift in Sources */ = {isa = PBXBuildFile; fileRef = 745650852CDB0A300037A01C /* ContentView.swift */; };
		745650882CDB0A310037A01C /* Assets.xcassets in Resources */ = {isa = PBXBuildFile; fileRef = 745650872CDB0A310037A01C /* Assets.xcassets */; };
		7456508B2CDB0A310037A01C /* Preview Assets.xcassets in Resources */ = {isa = PBXBuildFile; fileRef = 7456508A2CDB0A310037A01C /* Preview Assets.xcassets */; };
		745650952CDB0A320037A01C /* cb_liteTests.swift in Sources */ = {isa = PBXBuildFile; fileRef = 745650942CDB0A320037A01C /* cb_liteTests.swift */; };
		7456509F2CDB0A320037A01C /* cb_liteUITests.swift in Sources */ = {isa = PBXBuildFile; fileRef = 7456509E2CDB0A320037A01C /* cb_liteUITests.swift */; };
		745650A12CDB0A320037A01C /* cb_liteUITestsLaunchTests.swift in Sources */ = {isa = PBXBuildFile; fileRef = 745650A02CDB0A320037A01C /* cb_liteUITestsLaunchTests.swift */; };
		745650B72CDB29110037A01C /* AuthenticationServices.framework in Frameworks */ = {isa = PBXBuildFile; fileRef = 745650B62CDB29110037A01C /* AuthenticationServices.framework */; };
		7485AD472CDB4B4900EB8FF6 /* ToastViewExtension.swift in Sources */ = {isa = PBXBuildFile; fileRef = 7485AD462CDB4B4900EB8FF6 /* ToastViewExtension.swift */; };
		7485AD4A2CDB536100EB8FF6 /* CouchbaseLiteSwift in Frameworks */ = {isa = PBXBuildFile; productRef = 7485AD492CDB536100EB8FF6 /* CouchbaseLiteSwift */; };
		74BEE9712CDB2EB2000B4C09 /* HomeView.swift in Sources */ = {isa = PBXBuildFile; fileRef = 74BEE9702CDB2EB2000B4C09 /* HomeView.swift */; };
		74BEE9732CDB2EC3000B4C09 /* InsertDataView.swift in Sources */ = {isa = PBXBuildFile; fileRef = 74BEE9722CDB2EC3000B4C09 /* InsertDataView.swift */; };
		74BEE9752CDB2ECE000B4C09 /* SelectDataView.swift in Sources */ = {isa = PBXBuildFile; fileRef = 74BEE9742CDB2ECE000B4C09 /* SelectDataView.swift */; };
		74BEE9772CDB2F03000B4C09 /* ServerSyncView.swift in Sources */ = {isa = PBXBuildFile; fileRef = 74BEE9762CDB2F03000B4C09 /* ServerSyncView.swift */; };
		74BEE9792CDB3483000B4C09 /* MenuView.swift in Sources */ = {isa = PBXBuildFile; fileRef = 74BEE9782CDB3483000B4C09 /* MenuView.swift */; };
		74BEE97B2CDB3517000B4C09 /* MenuOption.swift in Sources */ = {isa = PBXBuildFile; fileRef = 74BEE97A2CDB3517000B4C09 /* MenuOption.swift */; };
/* End PBXBuildFile section */

/* Begin PBXContainerItemProxy section */
		745650912CDB0A320037A01C /* PBXContainerItemProxy */ = {
			isa = PBXContainerItemProxy;
			containerPortal = 745650782CDB0A300037A01C /* Project object */;
			proxyType = 1;
			remoteGlobalIDString = 7456507F2CDB0A300037A01C;
			remoteInfo = cb_lite;
		};
		7456509B2CDB0A320037A01C /* PBXContainerItemProxy */ = {
			isa = PBXContainerItemProxy;
			containerPortal = 745650782CDB0A300037A01C /* Project object */;
			proxyType = 1;
			remoteGlobalIDString = 7456507F2CDB0A300037A01C;
			remoteInfo = cb_lite;
		};
/* End PBXContainerItemProxy section */

/* Begin PBXFileReference section */
		745650802CDB0A300037A01C /* cb_lite_capella.app */ = {isa = PBXFileReference; explicitFileType = wrapper.application; includeInIndex = 0; path = cb_lite_capella.app; sourceTree = BUILT_PRODUCTS_DIR; };
		745650832CDB0A300037A01C /* cb_liteApp.swift */ = {isa = PBXFileReference; lastKnownFileType = sourcecode.swift; path = cb_liteApp.swift; sourceTree = "<group>"; };
		745650852CDB0A300037A01C /* ContentView.swift */ = {isa = PBXFileReference; lastKnownFileType = sourcecode.swift; path = ContentView.swift; sourceTree = "<group>"; };
		745650872CDB0A310037A01C /* Assets.xcassets */ = {isa = PBXFileReference; lastKnownFileType = folder.assetcatalog; path = Assets.xcassets; sourceTree = "<group>"; };
		7456508A2CDB0A310037A01C /* Preview Assets.xcassets */ = {isa = PBXFileReference; lastKnownFileType = folder.assetcatalog; path = "Preview Assets.xcassets"; sourceTree = "<group>"; };
		745650902CDB0A320037A01C /* cb_lite_capellaTests.xctest */ = {isa = PBXFileReference; explicitFileType = wrapper.cfbundle; includeInIndex = 0; path = cb_lite_capellaTests.xctest; sourceTree = BUILT_PRODUCTS_DIR; };
		745650942CDB0A320037A01C /* cb_liteTests.swift */ = {isa = PBXFileReference; lastKnownFileType = sourcecode.swift; path = cb_liteTests.swift; sourceTree = "<group>"; };
		7456509A2CDB0A320037A01C /* cb_lite_capellaUITests.xctest */ = {isa = PBXFileReference; explicitFileType = wrapper.cfbundle; includeInIndex = 0; path = cb_lite_capellaUITests.xctest; sourceTree = BUILT_PRODUCTS_DIR; };
		7456509E2CDB0A320037A01C /* cb_liteUITests.swift */ = {isa = PBXFileReference; lastKnownFileType = sourcecode.swift; path = cb_liteUITests.swift; sourceTree = "<group>"; };
		745650A02CDB0A320037A01C /* cb_liteUITestsLaunchTests.swift */ = {isa = PBXFileReference; lastKnownFileType = sourcecode.swift; path = cb_liteUITestsLaunchTests.swift; sourceTree = "<group>"; };
		745650B42CDB29110037A01C /* lite.appex */ = {isa = PBXFileReference; explicitFileType = "wrapper.app-extension"; includeInIndex = 0; path = lite.appex; sourceTree = BUILT_PRODUCTS_DIR; };
		745650B62CDB29110037A01C /* AuthenticationServices.framework */ = {isa = PBXFileReference; lastKnownFileType = wrapper.framework; name = AuthenticationServices.framework; path = System/Library/Frameworks/AuthenticationServices.framework; sourceTree = SDKROOT; };
		7485AD452CDB3CB600EB8FF6 /* cb-lite-Info.plist */ = {isa = PBXFileReference; lastKnownFileType = text.plist; path = "cb-lite-Info.plist"; sourceTree = SOURCE_ROOT; };
		7485AD462CDB4B4900EB8FF6 /* ToastViewExtension.swift */ = {isa = PBXFileReference; lastKnownFileType = sourcecode.swift; path = ToastViewExtension.swift; sourceTree = "<group>"; };
		74BEE9702CDB2EB2000B4C09 /* HomeView.swift */ = {isa = PBXFileReference; lastKnownFileType = sourcecode.swift; path = HomeView.swift; sourceTree = "<group>"; };
		74BEE9722CDB2EC3000B4C09 /* InsertDataView.swift */ = {isa = PBXFileReference; lastKnownFileType = sourcecode.swift; path = InsertDataView.swift; sourceTree = "<group>"; };
		74BEE9742CDB2ECE000B4C09 /* SelectDataView.swift */ = {isa = PBXFileReference; lastKnownFileType = sourcecode.swift; path = SelectDataView.swift; sourceTree = "<group>"; };
		74BEE9762CDB2F03000B4C09 /* ServerSyncView.swift */ = {isa = PBXFileReference; lastKnownFileType = sourcecode.swift; path = ServerSyncView.swift; sourceTree = "<group>"; };
		74BEE9782CDB3483000B4C09 /* MenuView.swift */ = {isa = PBXFileReference; lastKnownFileType = sourcecode.swift; path = MenuView.swift; sourceTree = "<group>"; };
		74BEE97A2CDB3517000B4C09 /* MenuOption.swift */ = {isa = PBXFileReference; lastKnownFileType = sourcecode.swift; path = MenuOption.swift; sourceTree = "<group>"; };
/* End PBXFileReference section */

/* Begin PBXFrameworksBuildPhase section */
		7456507D2CDB0A300037A01C /* Frameworks */ = {
			isa = PBXFrameworksBuildPhase;
			buildActionMask = 2147483647;
			files = (
				7485AD4A2CDB536100EB8FF6 /* CouchbaseLiteSwift in Frameworks */,
			);
			runOnlyForDeploymentPostprocessing = 0;
		};
		7456508D2CDB0A320037A01C /* Frameworks */ = {
			isa = PBXFrameworksBuildPhase;
			buildActionMask = 2147483647;
			files = (
			);
			runOnlyForDeploymentPostprocessing = 0;
		};
		745650972CDB0A320037A01C /* Frameworks */ = {
			isa = PBXFrameworksBuildPhase;
			buildActionMask = 2147483647;
			files = (
			);
			runOnlyForDeploymentPostprocessing = 0;
		};
		745650B12CDB29110037A01C /* Frameworks */ = {
			isa = PBXFrameworksBuildPhase;
			buildActionMask = 2147483647;
			files = (
				745650B72CDB29110037A01C /* AuthenticationServices.framework in Frameworks */,
			);
			runOnlyForDeploymentPostprocessing = 0;
		};
/* End PBXFrameworksBuildPhase section */

/* Begin PBXGroup section */
		745650772CDB0A300037A01C = {
			isa = PBXGroup;
			children = (
				745650822CDB0A300037A01C /* cb_lite */,
				745650932CDB0A320037A01C /* cb_liteTests */,
				7456509D2CDB0A320037A01C /* cb_liteUITests */,
				745650B52CDB29110037A01C /* Frameworks */,
				745650812CDB0A300037A01C /* Products */,
			);
			sourceTree = "<group>";
		};
		745650812CDB0A300037A01C /* Products */ = {
			isa = PBXGroup;
			children = (
				745650802CDB0A300037A01C /* cb_lite_capella.app */,
				745650902CDB0A320037A01C /* cb_lite_capellaTests.xctest */,
				7456509A2CDB0A320037A01C /* cb_lite_capellaUITests.xctest */,
				745650B42CDB29110037A01C /* lite.appex */,
			);
			name = Products;
			sourceTree = "<group>";
		};
		745650822CDB0A300037A01C /* cb_lite */ = {
			isa = PBXGroup;
			children = (
				7485AD452CDB3CB600EB8FF6 /* cb-lite-Info.plist */,
				745650832CDB0A300037A01C /* cb_liteApp.swift */,
				745650852CDB0A300037A01C /* ContentView.swift */,
				745650872CDB0A310037A01C /* Assets.xcassets */,
				745650892CDB0A310037A01C /* Preview Content */,
				74BEE9702CDB2EB2000B4C09 /* HomeView.swift */,
				74BEE9722CDB2EC3000B4C09 /* InsertDataView.swift */,
				74BEE9742CDB2ECE000B4C09 /* SelectDataView.swift */,
				74BEE9762CDB2F03000B4C09 /* ServerSyncView.swift */,
				74BEE9782CDB3483000B4C09 /* MenuView.swift */,
				74BEE97A2CDB3517000B4C09 /* MenuOption.swift */,
				7485AD462CDB4B4900EB8FF6 /* ToastViewExtension.swift */,
			);
			path = cb_lite;
			sourceTree = "<group>";
			usesTabs = 0;
		};
		745650892CDB0A310037A01C /* Preview Content */ = {
			isa = PBXGroup;
			children = (
				7456508A2CDB0A310037A01C /* Preview Assets.xcassets */,
			);
			path = "Preview Content";
			sourceTree = "<group>";
		};
		745650932CDB0A320037A01C /* cb_liteTests */ = {
			isa = PBXGroup;
			children = (
				745650942CDB0A320037A01C /* cb_liteTests.swift */,
			);
			path = cb_liteTests;
			sourceTree = "<group>";
		};
		7456509D2CDB0A320037A01C /* cb_liteUITests */ = {
			isa = PBXGroup;
			children = (
				7456509E2CDB0A320037A01C /* cb_liteUITests.swift */,
				745650A02CDB0A320037A01C /* cb_liteUITestsLaunchTests.swift */,
			);
			path = cb_liteUITests;
			sourceTree = "<group>";
		};
		745650B52CDB29110037A01C /* Frameworks */ = {
			isa = PBXGroup;
			children = (
				745650B62CDB29110037A01C /* AuthenticationServices.framework */,
			);
			name = Frameworks;
			sourceTree = "<group>";
		};
/* End PBXGroup section */

/* Begin PBXNativeTarget section */
		7456507F2CDB0A300037A01C /* cb_lite_capella */ = {
			isa = PBXNativeTarget;
			buildConfigurationList = 745650A42CDB0A320037A01C /* Build configuration list for PBXNativeTarget "cb_lite_capella" */;
			buildPhases = (
				7456507C2CDB0A300037A01C /* Sources */,
				7456507D2CDB0A300037A01C /* Frameworks */,
				7456507E2CDB0A300037A01C /* Resources */,
			);
			buildRules = (
			);
			dependencies = (
			);
			name = cb_lite_capella;
			packageProductDependencies = (
				7485AD492CDB536100EB8FF6 /* CouchbaseLiteSwift */,
			);
			productName = cb_lite;
			productReference = 745650802CDB0A300037A01C /* cb_lite_capella.app */;
			productType = "com.apple.product-type.application";
		};
		7456508F2CDB0A320037A01C /* cb_lite_capellaTests */ = {
			isa = PBXNativeTarget;
			buildConfigurationList = 745650A72CDB0A320037A01C /* Build configuration list for PBXNativeTarget "cb_lite_capellaTests" */;
			buildPhases = (
				7456508C2CDB0A320037A01C /* Sources */,
				7456508D2CDB0A320037A01C /* Frameworks */,
				7456508E2CDB0A320037A01C /* Resources */,
			);
			buildRules = (
			);
			dependencies = (
				745650922CDB0A320037A01C /* PBXTargetDependency */,
			);
			name = cb_lite_capellaTests;
			productName = cb_liteTests;
			productReference = 745650902CDB0A320037A01C /* cb_lite_capellaTests.xctest */;
			productType = "com.apple.product-type.bundle.unit-test";
		};
		745650992CDB0A320037A01C /* cb_lite_capellaUITests */ = {
			isa = PBXNativeTarget;
			buildConfigurationList = 745650AA2CDB0A320037A01C /* Build configuration list for PBXNativeTarget "cb_lite_capellaUITests" */;
			buildPhases = (
				745650962CDB0A320037A01C /* Sources */,
				745650972CDB0A320037A01C /* Frameworks */,
				745650982CDB0A320037A01C /* Resources */,
			);
			buildRules = (
			);
			dependencies = (
				7456509C2CDB0A320037A01C /* PBXTargetDependency */,
			);
			name = cb_lite_capellaUITests;
			productName = cb_liteUITests;
			productReference = 7456509A2CDB0A320037A01C /* cb_lite_capellaUITests.xctest */;
			productType = "com.apple.product-type.bundle.ui-testing";
		};
		745650B32CDB29110037A01C /* lite */ = {
			isa = PBXNativeTarget;
			buildConfigurationList = 745650C22CDB29110037A01C /* Build configuration list for PBXNativeTarget "lite" */;
			buildPhases = (
				745650B02CDB29110037A01C /* Sources */,
				745650B12CDB29110037A01C /* Frameworks */,
				745650B22CDB29110037A01C /* Resources */,
			);
			buildRules = (
			);
			dependencies = (
			);
			name = lite;
			productName = lite;
			productReference = 745650B42CDB29110037A01C /* lite.appex */;
			productType = "com.apple.product-type.app-extension";
		};
/* End PBXNativeTarget section */

/* Begin PBXProject section */
		745650782CDB0A300037A01C /* Project object */ = {
			isa = PBXProject;
			attributes = {
				BuildIndependentTargetsInParallel = 1;
				LastSwiftUpdateCheck = 1540;
				LastUpgradeCheck = 1540;
				TargetAttributes = {
					7456507F2CDB0A300037A01C = {
						CreatedOnToolsVersion = 15.4;
					};
					7456508F2CDB0A320037A01C = {
						CreatedOnToolsVersion = 15.4;
						TestTargetID = 7456507F2CDB0A300037A01C;
					};
					745650992CDB0A320037A01C = {
						CreatedOnToolsVersion = 15.4;
						TestTargetID = 7456507F2CDB0A300037A01C;
					};
					745650B32CDB29110037A01C = {
						CreatedOnToolsVersion = 15.4;
					};
				};
			};
			buildConfigurationList = 7456507B2CDB0A300037A01C /* Build configuration list for PBXProject "cb_lite_capella" */;
			compatibilityVersion = "Xcode 14.0";
			developmentRegion = en;
			hasScannedForEncodings = 0;
			knownRegions = (
				en,
				Base,
			);
			mainGroup = 745650772CDB0A300037A01C;
			packageReferences = (
				7485AD482CDB530700EB8FF6 /* XCRemoteSwiftPackageReference "couchbase-lite-swift-ee" */,
			);
			productRefGroup = 745650812CDB0A300037A01C /* Products */;
			projectDirPath = "";
			projectRoot = "";
			targets = (
				7456507F2CDB0A300037A01C /* cb_lite_capella */,
				7456508F2CDB0A320037A01C /* cb_lite_capellaTests */,
				745650992CDB0A320037A01C /* cb_lite_capellaUITests */,
				745650B32CDB29110037A01C /* lite */,
			);
		};
/* End PBXProject section */

/* Begin PBXResourcesBuildPhase section */
		7456507E2CDB0A300037A01C /* Resources */ = {
			isa = PBXResourcesBuildPhase;
			buildActionMask = 2147483647;
			files = (
				7456508B2CDB0A310037A01C /* Preview Assets.xcassets in Resources */,
				745650882CDB0A310037A01C /* Assets.xcassets in Resources */,
			);
			runOnlyForDeploymentPostprocessing = 0;
		};
		7456508E2CDB0A320037A01C /* Resources */ = {
			isa = PBXResourcesBuildPhase;
			buildActionMask = 2147483647;
			files = (
			);
			runOnlyForDeploymentPostprocessing = 0;
		};
		745650982CDB0A320037A01C /* Resources */ = {
			isa = PBXResourcesBuildPhase;
			buildActionMask = 2147483647;
			files = (
			);
			runOnlyForDeploymentPostprocessing = 0;
		};
		745650B22CDB29110037A01C /* Resources */ = {
			isa = PBXResourcesBuildPhase;
			buildActionMask = 2147483647;
			files = (
			);
			runOnlyForDeploymentPostprocessing = 0;
		};
/* End PBXResourcesBuildPhase section */

/* Begin PBXSourcesBuildPhase section */
		7456507C2CDB0A300037A01C /* Sources */ = {
			isa = PBXSourcesBuildPhase;
			buildActionMask = 2147483647;
			files = (
				74BEE9792CDB3483000B4C09 /* MenuView.swift in Sources */,
				74BEE97B2CDB3517000B4C09 /* MenuOption.swift in Sources */,
				74BEE9752CDB2ECE000B4C09 /* SelectDataView.swift in Sources */,
				74BEE9772CDB2F03000B4C09 /* ServerSyncView.swift in Sources */,
				745650862CDB0A300037A01C /* ContentView.swift in Sources */,
				74BEE9732CDB2EC3000B4C09 /* InsertDataView.swift in Sources */,
				745650842CDB0A300037A01C /* cb_liteApp.swift in Sources */,
				7485AD472CDB4B4900EB8FF6 /* ToastViewExtension.swift in Sources */,
				74BEE9712CDB2EB2000B4C09 /* HomeView.swift in Sources */,
			);
			runOnlyForDeploymentPostprocessing = 0;
		};
		7456508C2CDB0A320037A01C /* Sources */ = {
			isa = PBXSourcesBuildPhase;
			buildActionMask = 2147483647;
			files = (
				745650952CDB0A320037A01C /* cb_liteTests.swift in Sources */,
			);
			runOnlyForDeploymentPostprocessing = 0;
		};
		745650962CDB0A320037A01C /* Sources */ = {
			isa = PBXSourcesBuildPhase;
			buildActionMask = 2147483647;
			files = (
				7456509F2CDB0A320037A01C /* cb_liteUITests.swift in Sources */,
				745650A12CDB0A320037A01C /* cb_liteUITestsLaunchTests.swift in Sources */,
			);
			runOnlyForDeploymentPostprocessing = 0;
		};
		745650B02CDB29110037A01C /* Sources */ = {
			isa = PBXSourcesBuildPhase;
			buildActionMask = 2147483647;
			files = (
			);
			runOnlyForDeploymentPostprocessing = 0;
		};
/* End PBXSourcesBuildPhase section */

/* Begin PBXTargetDependency section */
		745650922CDB0A320037A01C /* PBXTargetDependency */ = {
			isa = PBXTargetDependency;
			target = 7456507F2CDB0A300037A01C /* cb_lite_capella */;
			targetProxy = 745650912CDB0A320037A01C /* PBXContainerItemProxy */;
		};
		7456509C2CDB0A320037A01C /* PBXTargetDependency */ = {
			isa = PBXTargetDependency;
			target = 7456507F2CDB0A300037A01C /* cb_lite_capella */;
			targetProxy = 7456509B2CDB0A320037A01C /* PBXContainerItemProxy */;
		};
/* End PBXTargetDependency section */

/* Begin XCBuildConfiguration section */
		745650A22CDB0A320037A01C /* Debug */ = {
			isa = XCBuildConfiguration;
			buildSettings = {
				ALWAYS_SEARCH_USER_PATHS = NO;
				ASSETCATALOG_COMPILER_GENERATE_SWIFT_ASSET_SYMBOL_EXTENSIONS = YES;
				CLANG_ANALYZER_NONNULL = YES;
				CLANG_ANALYZER_NUMBER_OBJECT_CONVERSION = YES_AGGRESSIVE;
				CLANG_CXX_LANGUAGE_STANDARD = "gnu++20";
				CLANG_ENABLE_MODULES = YES;
				CLANG_ENABLE_OBJC_ARC = YES;
				CLANG_ENABLE_OBJC_WEAK = YES;
				CLANG_WARN_BLOCK_CAPTURE_AUTORELEASING = YES;
				CLANG_WARN_BOOL_CONVERSION = YES;
				CLANG_WARN_COMMA = YES;
				CLANG_WARN_CONSTANT_CONVERSION = YES;
				CLANG_WARN_DEPRECATED_OBJC_IMPLEMENTATIONS = YES;
				CLANG_WARN_DIRECT_OBJC_ISA_USAGE = YES_ERROR;
				CLANG_WARN_DOCUMENTATION_COMMENTS = YES;
				CLANG_WARN_EMPTY_BODY = YES;
				CLANG_WARN_ENUM_CONVERSION = YES;
				CLANG_WARN_INFINITE_RECURSION = YES;
				CLANG_WARN_INT_CONVERSION = YES;
				CLANG_WARN_NON_LITERAL_NULL_CONVERSION = YES;
				CLANG_WARN_OBJC_IMPLICIT_RETAIN_SELF = YES;
				CLANG_WARN_OBJC_LITERAL_CONVERSION = YES;
				CLANG_WARN_OBJC_ROOT_CLASS = YES_ERROR;
				CLANG_WARN_QUOTED_INCLUDE_IN_FRAMEWORK_HEADER = YES;
				CLANG_WARN_RANGE_LOOP_ANALYSIS = YES;
				CLANG_WARN_STRICT_PROTOTYPES = YES;
				CLANG_WARN_SUSPICIOUS_MOVE = YES;
				CLANG_WARN_UNGUARDED_AVAILABILITY = YES_AGGRESSIVE;
				CLANG_WARN_UNREACHABLE_CODE = YES;
				CLANG_WARN__DUPLICATE_METHOD_MATCH = YES;
				COPY_PHASE_STRIP = NO;
				DEBUG_INFORMATION_FORMAT = dwarf;
				ENABLE_STRICT_OBJC_MSGSEND = YES;
				ENABLE_TESTABILITY = YES;
				ENABLE_USER_SCRIPT_SANDBOXING = YES;
				GCC_C_LANGUAGE_STANDARD = gnu17;
				GCC_DYNAMIC_NO_PIC = NO;
				GCC_NO_COMMON_BLOCKS = YES;
				GCC_OPTIMIZATION_LEVEL = 0;
				GCC_PREPROCESSOR_DEFINITIONS = (
					"DEBUG=1",
					"$(inherited)",
				);
				GCC_WARN_64_TO_32_BIT_CONVERSION = YES;
				GCC_WARN_ABOUT_RETURN_TYPE = YES_ERROR;
				GCC_WARN_UNDECLARED_SELECTOR = YES;
				GCC_WARN_UNINITIALIZED_AUTOS = YES_AGGRESSIVE;
				GCC_WARN_UNUSED_FUNCTION = YES;
				GCC_WARN_UNUSED_VARIABLE = YES;
				IPHONEOS_DEPLOYMENT_TARGET = 17.5;
				LOCALIZATION_PREFERS_STRING_CATALOGS = YES;
				MTL_ENABLE_DEBUG_INFO = INCLUDE_SOURCE;
				MTL_FAST_MATH = YES;
				ONLY_ACTIVE_ARCH = YES;
				SDKROOT = iphoneos;
				SWIFT_ACTIVE_COMPILATION_CONDITIONS = "DEBUG $(inherited)";
				SWIFT_OPTIMIZATION_LEVEL = "-Onone";
			};
			name = Debug;
		};
		745650A32CDB0A320037A01C /* Release */ = {
			isa = XCBuildConfiguration;
			buildSettings = {
				ALWAYS_SEARCH_USER_PATHS = NO;
				ASSETCATALOG_COMPILER_GENERATE_SWIFT_ASSET_SYMBOL_EXTENSIONS = YES;
				CLANG_ANALYZER_NONNULL = YES;
				CLANG_ANALYZER_NUMBER_OBJECT_CONVERSION = YES_AGGRESSIVE;
				CLANG_CXX_LANGUAGE_STANDARD = "gnu++20";
				CLANG_ENABLE_MODULES = YES;
				CLANG_ENABLE_OBJC_ARC = YES;
				CLANG_ENABLE_OBJC_WEAK = YES;
				CLANG_WARN_BLOCK_CAPTURE_AUTORELEASING = YES;
				CLANG_WARN_BOOL_CONVERSION = YES;
				CLANG_WARN_COMMA = YES;
				CLANG_WARN_CONSTANT_CONVERSION = YES;
				CLANG_WARN_DEPRECATED_OBJC_IMPLEMENTATIONS = YES;
				CLANG_WARN_DIRECT_OBJC_ISA_USAGE = YES_ERROR;
				CLANG_WARN_DOCUMENTATION_COMMENTS = YES;
				CLANG_WARN_EMPTY_BODY = YES;
				CLANG_WARN_ENUM_CONVERSION = YES;
				CLANG_WARN_INFINITE_RECURSION = YES;
				CLANG_WARN_INT_CONVERSION = YES;
				CLANG_WARN_NON_LITERAL_NULL_CONVERSION = YES;
				CLANG_WARN_OBJC_IMPLICIT_RETAIN_SELF = YES;
				CLANG_WARN_OBJC_LITERAL_CONVERSION = YES;
				CLANG_WARN_OBJC_ROOT_CLASS = YES_ERROR;
				CLANG_WARN_QUOTED_INCLUDE_IN_FRAMEWORK_HEADER = YES;
				CLANG_WARN_RANGE_LOOP_ANALYSIS = YES;
				CLANG_WARN_STRICT_PROTOTYPES = YES;
				CLANG_WARN_SUSPICIOUS_MOVE = YES;
				CLANG_WARN_UNGUARDED_AVAILABILITY = YES_AGGRESSIVE;
				CLANG_WARN_UNREACHABLE_CODE = YES;
				CLANG_WARN__DUPLICATE_METHOD_MATCH = YES;
				COPY_PHASE_STRIP = NO;
				DEBUG_INFORMATION_FORMAT = "dwarf-with-dsym";
				ENABLE_NS_ASSERTIONS = NO;
				ENABLE_STRICT_OBJC_MSGSEND = YES;
				ENABLE_USER_SCRIPT_SANDBOXING = YES;
				GCC_C_LANGUAGE_STANDARD = gnu17;
				GCC_NO_COMMON_BLOCKS = YES;
				GCC_WARN_64_TO_32_BIT_CONVERSION = YES;
				GCC_WARN_ABOUT_RETURN_TYPE = YES_ERROR;
				GCC_WARN_UNDECLARED_SELECTOR = YES;
				GCC_WARN_UNINITIALIZED_AUTOS = YES_AGGRESSIVE;
				GCC_WARN_UNUSED_FUNCTION = YES;
				GCC_WARN_UNUSED_VARIABLE = YES;
				IPHONEOS_DEPLOYMENT_TARGET = 17.5;
				LOCALIZATION_PREFERS_STRING_CATALOGS = YES;
				MTL_ENABLE_DEBUG_INFO = NO;
				MTL_FAST_MATH = YES;
				SDKROOT = iphoneos;
				SWIFT_COMPILATION_MODE = wholemodule;
				VALIDATE_PRODUCT = YES;
			};
			name = Release;
		};
		745650A52CDB0A320037A01C /* Debug */ = {
			isa = XCBuildConfiguration;
			buildSettings = {
				ASSETCATALOG_COMPILER_APPICON_NAME = AppIcon;
				ASSETCATALOG_COMPILER_GLOBAL_ACCENT_COLOR_NAME = AccentColor;
				CODE_SIGN_STYLE = Automatic;
				CURRENT_PROJECT_VERSION = 1;
				DEVELOPMENT_ASSET_PATHS = "\"cb_lite/Preview Content\"";
				DEVELOPMENT_TEAM = 3XDPLL6775;
				ENABLE_PREVIEWS = YES;
				GENERATE_INFOPLIST_FILE = YES;
				INFOPLIST_FILE = "cb-lite-Info.plist";
				INFOPLIST_KEY_UIApplicationSceneManifest_Generation = YES;
				INFOPLIST_KEY_UIApplicationSupportsIndirectInputEvents = YES;
				INFOPLIST_KEY_UILaunchScreen_Generation = YES;
				INFOPLIST_KEY_UISupportedInterfaceOrientations_iPad = "UIInterfaceOrientationPortrait UIInterfaceOrientationPortraitUpsideDown UIInterfaceOrientationLandscapeLeft UIInterfaceOrientationLandscapeRight";
				INFOPLIST_KEY_UISupportedInterfaceOrientations_iPhone = "UIInterfaceOrientationPortrait UIInterfaceOrientationLandscapeLeft UIInterfaceOrientationLandscapeRight";
				INFOPLIST_KEY_UIUserInterfaceStyle = Light;
				LD_RUNPATH_SEARCH_PATHS = (
					"$(inherited)",
					"@executable_path/Frameworks",
				);
				MARKETING_VERSION = 1.0;
				PRODUCT_BUNDLE_IDENTIFIER = "couchbase.cb-lite";
				PRODUCT_NAME = "$(TARGET_NAME)";
				SWIFT_EMIT_LOC_STRINGS = YES;
				SWIFT_VERSION = 5.0;
				TARGETED_DEVICE_FAMILY = "1,2";
			};
			name = Debug;
		};
		745650A62CDB0A320037A01C /* Release */ = {
			isa = XCBuildConfiguration;
			buildSettings = {
				ASSETCATALOG_COMPILER_APPICON_NAME = AppIcon;
				ASSETCATALOG_COMPILER_GLOBAL_ACCENT_COLOR_NAME = AccentColor;
				CODE_SIGN_STYLE = Automatic;
				CURRENT_PROJECT_VERSION = 1;
				DEVELOPMENT_ASSET_PATHS = "\"cb_lite/Preview Content\"";
				DEVELOPMENT_TEAM = 3XDPLL6775;
				ENABLE_PREVIEWS = YES;
				GENERATE_INFOPLIST_FILE = YES;
				INFOPLIST_FILE = "cb-lite-Info.plist";
				INFOPLIST_KEY_UIApplicationSceneManifest_Generation = YES;
				INFOPLIST_KEY_UIApplicationSupportsIndirectInputEvents = YES;
				INFOPLIST_KEY_UILaunchScreen_Generation = YES;
				INFOPLIST_KEY_UISupportedInterfaceOrientations_iPad = "UIInterfaceOrientationPortrait UIInterfaceOrientationPortraitUpsideDown UIInterfaceOrientationLandscapeLeft UIInterfaceOrientationLandscapeRight";
				INFOPLIST_KEY_UISupportedInterfaceOrientations_iPhone = "UIInterfaceOrientationPortrait UIInterfaceOrientationLandscapeLeft UIInterfaceOrientationLandscapeRight";
				INFOPLIST_KEY_UIUserInterfaceStyle = Light;
				LD_RUNPATH_SEARCH_PATHS = (
					"$(inherited)",
					"@executable_path/Frameworks",
				);
				MARKETING_VERSION = 1.0;
				PRODUCT_BUNDLE_IDENTIFIER = "couchbase.cb-lite";
				PRODUCT_NAME = "$(TARGET_NAME)";
				SWIFT_EMIT_LOC_STRINGS = YES;
				SWIFT_VERSION = 5.0;
				TARGETED_DEVICE_FAMILY = "1,2";
			};
			name = Release;
		};
		745650A82CDB0A320037A01C /* Debug */ = {
			isa = XCBuildConfiguration;
			buildSettings = {
				ALWAYS_EMBED_SWIFT_STANDARD_LIBRARIES = YES;
				BUNDLE_LOADER = "$(TEST_HOST)";
				CODE_SIGN_STYLE = Automatic;
				CURRENT_PROJECT_VERSION = 1;
				GENERATE_INFOPLIST_FILE = YES;
				IPHONEOS_DEPLOYMENT_TARGET = 17.5;
				MARKETING_VERSION = 1.0;
				PRODUCT_BUNDLE_IDENTIFIER = "couchbase.cb-liteTests";
				PRODUCT_NAME = "$(TARGET_NAME)";
				SWIFT_EMIT_LOC_STRINGS = NO;
				SWIFT_VERSION = 5.0;
				TARGETED_DEVICE_FAMILY = "1,2";
				TEST_HOST = "$(BUILT_PRODUCTS_DIR)/cb_lite_capella.app/$(BUNDLE_EXECUTABLE_FOLDER_PATH)/cb_lite_capella";
			};
			name = Debug;
		};
		745650A92CDB0A320037A01C /* Release */ = {
			isa = XCBuildConfiguration;
			buildSettings = {
				ALWAYS_EMBED_SWIFT_STANDARD_LIBRARIES = YES;
				BUNDLE_LOADER = "$(TEST_HOST)";
				CODE_SIGN_STYLE = Automatic;
				CURRENT_PROJECT_VERSION = 1;
				GENERATE_INFOPLIST_FILE = YES;
				IPHONEOS_DEPLOYMENT_TARGET = 17.5;
				MARKETING_VERSION = 1.0;
				PRODUCT_BUNDLE_IDENTIFIER = "couchbase.cb-liteTests";
				PRODUCT_NAME = "$(TARGET_NAME)";
				SWIFT_EMIT_LOC_STRINGS = NO;
				SWIFT_VERSION = 5.0;
				TARGETED_DEVICE_FAMILY = "1,2";
				TEST_HOST = "$(BUILT_PRODUCTS_DIR)/cb_lite_capella.app/$(BUNDLE_EXECUTABLE_FOLDER_PATH)/cb_lite_capella";
			};
			name = Release;
		};
		745650AB2CDB0A320037A01C /* Debug */ = {
			isa = XCBuildConfiguration;
			buildSettings = {
				ALWAYS_EMBED_SWIFT_STANDARD_LIBRARIES = YES;
				CODE_SIGN_STYLE = Automatic;
				CURRENT_PROJECT_VERSION = 1;
				GENERATE_INFOPLIST_FILE = YES;
				MARKETING_VERSION = 1.0;
				PRODUCT_BUNDLE_IDENTIFIER = "couchbase.cb-liteUITests";
				PRODUCT_NAME = "$(TARGET_NAME)";
				SWIFT_EMIT_LOC_STRINGS = NO;
				SWIFT_VERSION = 5.0;
				TARGETED_DEVICE_FAMILY = "1,2";
				TEST_TARGET_NAME = cb_lite;
			};
			name = Debug;
		};
		745650AC2CDB0A320037A01C /* Release */ = {
			isa = XCBuildConfiguration;
			buildSettings = {
				ALWAYS_EMBED_SWIFT_STANDARD_LIBRARIES = YES;
				CODE_SIGN_STYLE = Automatic;
				CURRENT_PROJECT_VERSION = 1;
				GENERATE_INFOPLIST_FILE = YES;
				MARKETING_VERSION = 1.0;
				PRODUCT_BUNDLE_IDENTIFIER = "couchbase.cb-liteUITests";
				PRODUCT_NAME = "$(TARGET_NAME)";
				SWIFT_EMIT_LOC_STRINGS = NO;
				SWIFT_VERSION = 5.0;
				TARGETED_DEVICE_FAMILY = "1,2";
				TEST_TARGET_NAME = cb_lite;
			};
			name = Release;
		};
		745650C32CDB29110037A01C /* Debug */ = {
			isa = XCBuildConfiguration;
			buildSettings = {
				CODE_SIGN_STYLE = Automatic;
				CURRENT_PROJECT_VERSION = 1;
				GENERATE_INFOPLIST_FILE = YES;
				INFOPLIST_FILE = lite/Info.plist;
				INFOPLIST_KEY_CFBundleDisplayName = lite;
				INFOPLIST_KEY_NSHumanReadableCopyright = "";
				LD_RUNPATH_SEARCH_PATHS = (
					"$(inherited)",
					"@executable_path/Frameworks",
					"@executable_path/../../Frameworks",
				);
				MARKETING_VERSION = 1.0;
				PRODUCT_BUNDLE_IDENTIFIER = "couchbase.cb-lite.lite";
				PRODUCT_NAME = "$(TARGET_NAME)";
				SKIP_INSTALL = YES;
				SWIFT_EMIT_LOC_STRINGS = YES;
				SWIFT_VERSION = 5.0;
				TARGETED_DEVICE_FAMILY = "1,2";
			};
			name = Debug;
		};
		745650C42CDB29110037A01C /* Release */ = {
			isa = XCBuildConfiguration;
			buildSettings = {
				CODE_SIGN_STYLE = Automatic;
				CURRENT_PROJECT_VERSION = 1;
				GENERATE_INFOPLIST_FILE = YES;
				INFOPLIST_FILE = lite/Info.plist;
				INFOPLIST_KEY_CFBundleDisplayName = lite;
				INFOPLIST_KEY_NSHumanReadableCopyright = "";
				LD_RUNPATH_SEARCH_PATHS = (
					"$(inherited)",
					"@executable_path/Frameworks",
					"@executable_path/../../Frameworks",
				);
				MARKETING_VERSION = 1.0;
				PRODUCT_BUNDLE_IDENTIFIER = "couchbase.cb-lite.lite";
				PRODUCT_NAME = "$(TARGET_NAME)";
				SKIP_INSTALL = YES;
				SWIFT_EMIT_LOC_STRINGS = YES;
				SWIFT_VERSION = 5.0;
				TARGETED_DEVICE_FAMILY = "1,2";
			};
			name = Release;
		};
/* End XCBuildConfiguration section */

/* Begin XCConfigurationList section */
		7456507B2CDB0A300037A01C /* Build configuration list for PBXProject "cb_lite_capella" */ = {
			isa = XCConfigurationList;
			buildConfigurations = (
				745650A22CDB0A320037A01C /* Debug */,
				745650A32CDB0A320037A01C /* Release */,
			);
			defaultConfigurationIsVisible = 0;
			defaultConfigurationName = Release;
		};
		745650A42CDB0A320037A01C /* Build configuration list for PBXNativeTarget "cb_lite_capella" */ = {
			isa = XCConfigurationList;
			buildConfigurations = (
				745650A52CDB0A320037A01C /* Debug */,
				745650A62CDB0A320037A01C /* Release */,
			);
			defaultConfigurationIsVisible = 0;
			defaultConfigurationName = Release;
		};
		745650A72CDB0A320037A01C /* Build configuration list for PBXNativeTarget "cb_lite_capellaTests" */ = {
			isa = XCConfigurationList;
			buildConfigurations = (
				745650A82CDB0A320037A01C /* Debug */,
				745650A92CDB0A320037A01C /* Release */,
			);
			defaultConfigurationIsVisible = 0;
			defaultConfigurationName = Release;
		};
		745650AA2CDB0A320037A01C /* Build configuration list for PBXNativeTarget "cb_lite_capellaUITests" */ = {
			isa = XCConfigurationList;
			buildConfigurations = (
				745650AB2CDB0A320037A01C /* Debug */,
				745650AC2CDB0A320037A01C /* Release */,
			);
			defaultConfigurationIsVisible = 0;
			defaultConfigurationName = Release;
		};
		745650C22CDB29110037A01C /* Build configuration list for PBXNativeTarget "lite" */ = {
			isa = XCConfigurationList;
			buildConfigurations = (
				745650C32CDB29110037A01C /* Debug */,
				745650C42CDB29110037A01C /* Release */,
			);
			defaultConfigurationIsVisible = 0;
			defaultConfigurationName = Release;
		};
/* End XCConfigurationList section */

/* Begin XCRemoteSwiftPackageReference section */
		7485AD482CDB530700EB8FF6 /* XCRemoteSwiftPackageReference "couchbase-lite-swift-ee" */ = {
			isa = XCRemoteSwiftPackageReference;
			repositoryURL = "https://github.com/couchbase/couchbase-lite-swift-ee.git";
			requirement = {
				kind = upToNextMajorVersion;
				minimumVersion = 3.2.0;
			};
		};
/* End XCRemoteSwiftPackageReference section */

/* Begin XCSwiftPackageProductDependency section */
		7485AD492CDB536100EB8FF6 /* CouchbaseLiteSwift */ = {
			isa = XCSwiftPackageProductDependency;
			package = 7485AD482CDB530700EB8FF6 /* XCRemoteSwiftPackageReference "couchbase-lite-swift-ee" */;
			productName = CouchbaseLiteSwift;
		};
/* End XCSwiftPackageProductDependency section */
	};
	rootObject = 745650782CDB0A300037A01C /* Project object */;
}
